
Microsoft Visual Studio Solution File, Format Version 12.00
# Visual Studio Version 17
VisualStudioVersion = 17.5.002.0
MinimumVisualStudioVersion = 10.0.40219.1
Project("{9A19103F-16F7-4668-BE54-9A1E7A4F7556}") = "Pilha", "Pilha.csproj", "{C82F730C-B619-46D3-8EE9-4CA3DD414F93}"
EndProject
Global
	GlobalSection(SolutionConfigurationPlatforms) = preSolution
		Debug|Any CPU = Debug|Any CPU
		Release|Any CPU = Release|Any CPU
	EndGlobalSection
	GlobalSection(ProjectConfigurationPlatforms) = postSolution
		{C82F730C-B619-46D3-8EE9-4CA3DD414F93}.Debug|Any CPU.ActiveCfg = Debug|Any CPU
		{C82F730C-B619-46D3-8EE9-4CA3DD414F93}.Debug|Any CPU.Build.0 = Debug|Any CPU
		{C82F730C-B619-46D3-8EE9-4CA3DD414F93}.Release|Any CPU.ActiveCfg = Release|Any CPU
		{C82F730C-B619-46D3-8EE9-4CA3DD414F93}.Release|Any CPU.Build.0 = Release|Any CPU
	EndGlobalSection
	GlobalSection(SolutionProperties) = preSolution
		HideSolutionNode = FALSE
	EndGlobalSection
	GlobalSection(ExtensibilityGlobals) = postSolution
		SolutionGuid = {53A36475-790D-4DBA-BC26-AC7FAF81B5F1}
	EndGlobalSection
EndGlobal
